PODS:
  - Anchorage (4.5.0)
  - GoogleWebRTC (1.1.31999)
  - Promises (2.0.4)
  - Starscream (3.1.1)
  - SwiftPhoenixClient (1.3.0):
    - Starscream (~> 3.1.0)
  - Texture/Core (3.0.0)

DEPENDENCIES:
  - Anchorage
  - GoogleWebRTC (~> 1.1)
  - Promises
  - SwiftPhoenixClient
  - Texture/Core

SPEC REPOS:
  https://github.com/CocoaPods/Specs.git:
    - Anchorage
    - GoogleWebRTC
    - Promises
    - Starscream
    - SwiftPhoenixClient
    - Texture

SPEC CHECKSUMS:
  Anchorage: 1961bc81c84aeed54ad7ffc697c50cd9de748ba6
  GoogleWebRTC: b39a78c4f5cc6b0323415b9233db03a2faa7b0f0
  Promises: fcb83dc6be43294a8d30c343636ed1a45a8d2e0a
  Starscream: 4bb2f9942274833f7b4d296a55504dcfc7edb7b0
  SwiftPhoenixClient: 50cadfc54ce671fab33a99869c0152172c1554ef
  Texture: 2f109e937850d94d1d07232041c9c7313ccddb81

PODFILE CHECKSUM: 279056902c6e377bc3a6a66234c33c5c4b4a81cd

COCOAPODS: 1.10.1
